
Microsoft Visual Studio Solution File, Format Version 12.00
# Visual Studio Version 17
VisualStudioVersion = 17.3.32825.248
MinimumVisualStudioVersion = 10.0.40219.1
Project("{9A19103F-16F7-4668-BE54-9A1E7A4F7556}") = "MemoryOverflow", "MemoryOverflow\MemoryOverflow.csproj", "{BEDBB2BE-8EF9-42C1-82B3-91D319576434}"
EndProject
Project("{E53339B2-1760-4266-BCC7-CA923CBCF16C}") = "docker-compose", "docker-compose.dcproj", "{1CF30CD0-B4C6-4F47-9FEC-7032595915EB}"
EndProject
Project("{FAE04EC0-301F-11D3-BF4B-00C04F79EFBC}") = "MemoryOverflow.Data", "MemoryOverflow.Data\MemoryOverflow.Data.csproj", "{6A5D3808-D7F3-4D28-BA48-B952A845C8F7}"
EndProject
Global
	GlobalSection(SolutionConfigurationPlatforms) = preSolution
		Debug|Any CPU = Debug|Any CPU
		Release|Any CPU = Release|Any CPU
	EndGlobalSection
	GlobalSection(ProjectConfigurationPlatforms) = postSolution
		{BEDBB2BE-8EF9-42C1-82B3-91D319576434}.Debug|Any CPU.ActiveCfg = Debug|Any CPU
		{BEDBB2BE-8EF9-42C1-82B3-91D319576434}.Debug|Any CPU.Build.0 = Debug|Any CPU
		{BEDBB2BE-8EF9-42C1-82B3-91D319576434}.Release|Any CPU.ActiveCfg = Release|Any CPU
		{BEDBB2BE-8EF9-42C1-82B3-91D319576434}.Release|Any CPU.Build.0 = Release|Any CPU
		{1CF30CD0-B4C6-4F47-9FEC-7032595915EB}.Debug|Any CPU.ActiveCfg = Debug|Any CPU
		{1CF30CD0-B4C6-4F47-9FEC-7032595915EB}.Debug|Any CPU.Build.0 = Debug|Any CPU
		{1CF30CD0-B4C6-4F47-9FEC-7032595915EB}.Release|Any CPU.ActiveCfg = Release|Any CPU
		{1CF30CD0-B4C6-4F47-9FEC-7032595915EB}.Release|Any CPU.Build.0 = Release|Any CPU
		{6A5D3808-D7F3-4D28-BA48-B952A845C8F7}.Debug|Any CPU.ActiveCfg = Debug|Any CPU
		{6A5D3808-D7F3-4D28-BA48-B952A845C8F7}.Debug|Any CPU.Build.0 = Debug|Any CPU
		{6A5D3808-D7F3-4D28-BA48-B952A845C8F7}.Release|Any CPU.ActiveCfg = Release|Any CPU
		{6A5D3808-D7F3-4D28-BA48-B952A845C8F7}.Release|Any CPU.Build.0 = Release|Any CPU
	EndGlobalSection
	GlobalSection(SolutionProperties) = preSolution
		HideSolutionNode = FALSE
	EndGlobalSection
	GlobalSection(ExtensibilityGlobals) = postSolution
		SolutionGuid = {32137648-D5A1-4579-B18F-29E802F1D814}
	EndGlobalSection
EndGlobal
